
Microsoft Visual Studio Solution File, Format Version 12.00
# Visual Studio Version 16
VisualStudioVersion = 16.0.31129.286
MinimumVisualStudioVersion = 10.0.40219.1
Project("{FAE04EC0-301F-11D3-BF4B-00C04F79EFBC}") = "ingInventario", "ingInventario\ingInventario.csproj", "{A87785E3-3085-457F-9EA0-9DC4E68D609B}"
EndProject
Global
	GlobalSection(SolutionConfigurationPlatforms) = preSolution
		Debug|Any CPU = Debug|Any CPU
		Release|Any CPU = Release|Any CPU
	EndGlobalSection
	GlobalSection(ProjectConfigurationPlatforms) = postSolution
		{A87785E3-3085-457F-9EA0-9DC4E68D609B}.Debug|Any CPU.ActiveCfg = Debug|Any CPU
		{A87785E3-3085-457F-9EA0-9DC4E68D609B}.Debug|Any CPU.Build.0 = Debug|Any CPU
		{A87785E3-3085-457F-9EA0-9DC4E68D609B}.Release|Any CPU.ActiveCfg = Release|Any CPU
		{A87785E3-3085-457F-9EA0-9DC4E68D609B}.Release|Any CPU.Build.0 = Release|Any CPU
	EndGlobalSection
	GlobalSection(SolutionProperties) = preSolution
		HideSolutionNode = FALSE
	EndGlobalSection
	GlobalSection(ExtensibilityGlobals) = postSolution
		SolutionGuid = {E23E4BCA-8C66-444B-A0B2-DBF52AB6A6A4}
	EndGlobalSection
EndGlobal
